
Microsoft Visual Studio Solution File, Format Version 12.00
# Visual Studio Version 17
VisualStudioVersion = 17.14.36301.6 d17.14
MinimumVisualStudioVersion = 10.0.40219.1
Project("{FAE04EC0-301F-11D3-BF4B-00C04F79EFBC}") = "pyRevit_Conversion", "pyRevit_Conversion\pyRevit_Conversion.csproj", "{0500EC0E-5A40-4A9D-AF51-132FAE0F3841}"
EndProject
Global
	GlobalSection(SolutionConfigurationPlatforms) = preSolution
		Debug R20|Any CPU = Debug R20|Any CPU
		Debug R21|Any CPU = Debug R21|Any CPU
		Debug R22|Any CPU = Debug R22|Any CPU
		Debug R23|Any CPU = Debug R23|Any CPU
		Debug R24|Any CPU = Debug R24|Any CPU
		Debug R25|Any CPU = Debug R25|Any CPU
		Debug R26|Any CPU = Debug R26|Any CPU
		Release R20|Any CPU = Release R20|Any CPU
		Release R21|Any CPU = Release R21|Any CPU
		Release R22|Any CPU = Release R22|Any CPU
		Release R23|Any CPU = Release R23|Any CPU
		Release R24|Any CPU = Release R24|Any CPU
		Release R25|Any CPU = Release R25|Any CPU
		Release R26|Any CPU = Release R26|Any CPU
	EndGlobalSection
	GlobalSection(ProjectConfigurationPlatforms) = postSolution
		{0500EC0E-5A40-4A9D-AF51-132FAE0F3841}.Debug R20|Any CPU.ActiveCfg = Debug R20|Any CPU
		{0500EC0E-5A40-4A9D-AF51-132FAE0F3841}.Debug R20|Any CPU.Build.0 = Debug R20|Any CPU
		{0500EC0E-5A40-4A9D-AF51-132FAE0F3841}.Debug R21|Any CPU.ActiveCfg = Debug R21|Any CPU
		{0500EC0E-5A40-4A9D-AF51-132FAE0F3841}.Debug R21|Any CPU.Build.0 = Debug R21|Any CPU
		{0500EC0E-5A40-4A9D-AF51-132FAE0F3841}.Debug R22|Any CPU.ActiveCfg = Debug R22|Any CPU
		{0500EC0E-5A40-4A9D-AF51-132FAE0F3841}.Debug R22|Any CPU.Build.0 = Debug R22|Any CPU
		{0500EC0E-5A40-4A9D-AF51-132FAE0F3841}.Debug R23|Any CPU.ActiveCfg = Debug R23|Any CPU
		{0500EC0E-5A40-4A9D-AF51-132FAE0F3841}.Debug R23|Any CPU.Build.0 = Debug R23|Any CPU
		{0500EC0E-5A40-4A9D-AF51-132FAE0F3841}.Debug R24|Any CPU.ActiveCfg = Debug R24|Any CPU
		{0500EC0E-5A40-4A9D-AF51-132FAE0F3841}.Debug R24|Any CPU.Build.0 = Debug R24|Any CPU
		{0500EC0E-5A40-4A9D-AF51-132FAE0F3841}.Debug R25|Any CPU.ActiveCfg = Debug R25|Any CPU
		{0500EC0E-5A40-4A9D-AF51-132FAE0F3841}.Debug R25|Any CPU.Build.0 = Debug R25|Any CPU
		{0500EC0E-5A40-4A9D-AF51-132FAE0F3841}.Debug R26|Any CPU.ActiveCfg = Debug R26|Any CPU
		{0500EC0E-5A40-4A9D-AF51-132FAE0F3841}.Debug R26|Any CPU.Build.0 = Debug R26|Any CPU
		{0500EC0E-5A40-4A9D-AF51-132FAE0F3841}.Release R20|Any CPU.ActiveCfg = Release R20|Any CPU
		{0500EC0E-5A40-4A9D-AF51-132FAE0F3841}.Release R20|Any CPU.Build.0 = Release R20|Any CPU
		{0500EC0E-5A40-4A9D-AF51-132FAE0F3841}.Release R21|Any CPU.ActiveCfg = Release R21|Any CPU
		{0500EC0E-5A40-4A9D-AF51-132FAE0F3841}.Release R21|Any CPU.Build.0 = Release R21|Any CPU
		{0500EC0E-5A40-4A9D-AF51-132FAE0F3841}.Release R22|Any CPU.ActiveCfg = Release R22|Any CPU
		{0500EC0E-5A40-4A9D-AF51-132FAE0F3841}.Release R22|Any CPU.Build.0 = Release R22|Any CPU
		{0500EC0E-5A40-4A9D-AF51-132FAE0F3841}.Release R23|Any CPU.ActiveCfg = Release R23|Any CPU
		{0500EC0E-5A40-4A9D-AF51-132FAE0F3841}.Release R23|Any CPU.Build.0 = Release R23|Any CPU
		{0500EC0E-5A40-4A9D-AF51-132FAE0F3841}.Release R24|Any CPU.ActiveCfg = Release R24|Any CPU
		{0500EC0E-5A40-4A9D-AF51-132FAE0F3841}.Release R24|Any CPU.Build.0 = Release R24|Any CPU
		{0500EC0E-5A40-4A9D-AF51-132FAE0F3841}.Release R25|Any CPU.ActiveCfg = Release R25|Any CPU
		{0500EC0E-5A40-4A9D-AF51-132FAE0F3841}.Release R25|Any CPU.Build.0 = Release R25|Any CPU
		{0500EC0E-5A40-4A9D-AF51-132FAE0F3841}.Release R26|Any CPU.ActiveCfg = Release R26|Any CPU
		{0500EC0E-5A40-4A9D-AF51-132FAE0F3841}.Release R26|Any CPU.Build.0 = Release R26|Any CPU
	EndGlobalSection
	GlobalSection(SolutionProperties) = preSolution
		HideSolutionNode = FALSE
	EndGlobalSection
	GlobalSection(ExtensibilityGlobals) = postSolution
		SolutionGuid = {4A7B9AD9-D6A9-496D-8F7C-2631880416CF}
	EndGlobalSection
EndGlobal
